
Microsoft Visual Studio Solution File, Format Version 12.00
# Visual Studio 15
VisualStudioVersion = 15.0.26730.12
MinimumVisualStudioVersion = 10.0.40219.1
Project("{FAE04EC0-301F-11D3-BF4B-00C04F79EFBC}") = "ancSample", "ancSample\ancSample.csproj", "{F384CF0F-F3E8-411B-AC89-68D231C95F61}"
EndProject
Project("{2150E333-8FDC-42A3-9474-1A3956D46DE8}") = "Docker", "Docker", "{69972F52-3777-4992-91DF-46C0426D3E8F}"
	ProjectSection(SolutionItems) = preProject
		dockerfile = dockerfile
	EndProjectSection
EndProject
Global
	GlobalSection(SolutionConfigurationPlatforms) = preSolution
		Debug|Any CPU = Debug|Any CPU
		Release|Any CPU = Release|Any CPU
	EndGlobalSection
	GlobalSection(ProjectConfigurationPlatforms) = postSolution
		{F384CF0F-F3E8-411B-AC89-68D231C95F61}.Debug|Any CPU.ActiveCfg = Debug|Any CPU
		{F384CF0F-F3E8-411B-AC89-68D231C95F61}.Debug|Any CPU.Build.0 = Debug|Any CPU
		{F384CF0F-F3E8-411B-AC89-68D231C95F61}.Release|Any CPU.ActiveCfg = Release|Any CPU
		{F384CF0F-F3E8-411B-AC89-68D231C95F61}.Release|Any CPU.Build.0 = Release|Any CPU
	EndGlobalSection
	GlobalSection(SolutionProperties) = preSolution
		HideSolutionNode = FALSE
	EndGlobalSection
	GlobalSection(ExtensibilityGlobals) = postSolution
		SolutionGuid = {4D61221E-9EB8-4597-A398-67D0B74239C5}
	EndGlobalSection
EndGlobal
